
Microsoft Visual Studio Solution File, Format Version 12.00
# Visual Studio 15
VisualStudioVersion = 15.0.27428.2043
MinimumVisualStudioVersion = 10.0.40219.1
Project("{FAE04EC0-301F-11D3-BF4B-00C04F79EFBC}") = "Calculator CS", "Calculator CS\Calculator CS.csproj", "{C8190B0C-3711-4DFB-9E6A-73041BC8FAC3}"
EndProject
Global
	GlobalSection(SolutionConfigurationPlatforms) = preSolution
		Debug|Any CPU = Debug|Any CPU
		Release|Any CPU = Release|Any CPU
	EndGlobalSection
	GlobalSection(ProjectConfigurationPlatforms) = postSolution
		{C8190B0C-3711-4DFB-9E6A-73041BC8FAC3}.Debug|Any CPU.ActiveCfg = Debug|Any CPU
		{C8190B0C-3711-4DFB-9E6A-73041BC8FAC3}.Debug|Any CPU.Build.0 = Debug|Any CPU
		{C8190B0C-3711-4DFB-9E6A-73041BC8FAC3}.Release|Any CPU.ActiveCfg = Release|Any CPU
		{C8190B0C-3711-4DFB-9E6A-73041BC8FAC3}.Release|Any CPU.Build.0 = Release|Any CPU
	EndGlobalSection
	GlobalSection(SolutionProperties) = preSolution
		HideSolutionNode = FALSE
	EndGlobalSection
	GlobalSection(ExtensibilityGlobals) = postSolution
		SolutionGuid = {B275BA58-F1A1-4C5E-B975-1DB982D3B6AE}
	EndGlobalSection
EndGlobal
